
Microsoft Visual Studio Solution File, Format Version 12.00
# Visual Studio Version 17
VisualStudioVersion = 17.11.35208.52
MinimumVisualStudioVersion = 10.0.40219.1
Project("{FAE04EC0-301F-11D3-BF4B-00C04F79EFBC}") = "Final_Project1", "Final_Project1\Final_Project1.csproj", "{42E29526-F5BB-4A59-A4AC-C88D290AEE29}"
EndProject
Global
	GlobalSection(SolutionConfigurationPlatforms) = preSolution
		Debug|Any CPU = Debug|Any CPU
		Release|Any CPU = Release|Any CPU
	EndGlobalSection
	GlobalSection(ProjectConfigurationPlatforms) = postSolution
		{42E29526-F5BB-4A59-A4AC-C88D290AEE29}.Debug|Any CPU.ActiveCfg = Debug|Any CPU
		{42E29526-F5BB-4A59-A4AC-C88D290AEE29}.Debug|Any CPU.Build.0 = Debug|Any CPU
		{42E29526-F5BB-4A59-A4AC-C88D290AEE29}.Release|Any CPU.ActiveCfg = Release|Any CPU
		{42E29526-F5BB-4A59-A4AC-C88D290AEE29}.Release|Any CPU.Build.0 = Release|Any CPU
	EndGlobalSection
	GlobalSection(SolutionProperties) = preSolution
		HideSolutionNode = FALSE
	EndGlobalSection
	GlobalSection(ExtensibilityGlobals) = postSolution
		SolutionGuid = {C8E66099-B51E-426E-9BD3-246BFF9959AA}
	EndGlobalSection
EndGlobal
